// !$*UTF8*$!
{
	archiveVersion = 1;
	classes = {
	};
	objectVersion = 46;
	objects = {

/* Begin PBXBuildFile section */
		03FB51E51C341A4B00EE1001 /* main.cpp in Sources */ = {isa = PBXBuildFile; fileRef = 03FB51E41C341A4B00EE1001 /* main.cpp */; };
/* End PBXBuildFile section */

/* Begin PBXCopyFilesBuildPhase section */
		03FB51DF1C341A4A00EE1001 /* CopyFiles */ = {
			isa = PBXCopyFilesBuildPhase;
			buildActionMask = 2147483647;
			dstPath = /usr/share/man/man1/;
			dstSubfolderSpec = 0;
			files = (
			);
			runOnlyForDeploymentPostprocessing = 1;
		};
/* End PBXCopyFilesBuildPhase section */

/* Begin PBXFileReference section */
		03FB51E11C341A4B00EE1001 /* structured_perceptron */ = {isa = PBXFileReference; explicitFileType = "compiled.mach-o.executable"; includeInIndex = 0; path = structured_perceptron; sourceTree = BUILT_PRODUCTS_DIR; };
		03FB51E41C341A4B00EE1001 /* main.cpp */ = {isa = PBXFileReference; lastKnownFileType = sourcecode.cpp.cpp; path = main.cpp; sourceTree = "<group>"; };
/* End PBXFileReference section */

/* Begin PBXFrameworksBuildPhase section */
		03FB51DE1C341A4A00EE1001 /* Frameworks */ = {
			isa = PBXFrameworksBuildPhase;
			buildActionMask = 2147483647;
			files = (
			);
			runOnlyForDeploymentPostprocessing = 0;
		};
/* End PBXFrameworksBuildPhase section */

/* Begin PBXGroup section */
		03FB51D81C341A4A00EE1001 = {
			isa = PBXGroup;
			children = (
				03FB51E31C341A4B00EE1001 /* structured_perceptron */,
				03FB51E21C341A4B00EE1001 /* Products */,
			);
			sourceTree = "<group>";
		};
		03FB51E21C341A4B00EE1001 /* Products */ = {
			isa = PBXGroup;
			children = (
				03FB51E11C341A4B00EE1001 /* structured_perceptron */,
			);
			name = Products;
			sourceTree = "<group>";
		};
		03FB51E31C341A4B00EE1001 /* structured_perceptron */ = {
			isa = PBXGroup;
			children = (
				03FB51E41C341A4B00EE1001 /* main.cpp */,
			);
			path = structured_perceptron;
			sourceTree = "<group>";
		};
/* End PBXGroup section */

/* Begin PBXNativeTarget section */
		03FB51E01C341A4A00EE1001 /* structured_perceptron */ = {
			isa = PBXNativeTarget;
			buildConfigurationList = 03FB51E81C341A4B00EE1001 /* Build configuration list for PBXNativeTarget "structured_perceptron" */;
			buildPhases = (
				03FB51DD1C341A4A00EE1001 /* Sources */,
				03FB51DE1C341A4A00EE1001 /* Frameworks */,
				03FB51DF1C341A4A00EE1001 /* CopyFiles */,
			);
			buildRules = (
			);
			dependencies = (
			);
			name = structured_perceptron;
			productName = structured_perceptron;
			productReference = 03FB51E11C341A4B00EE1001 /* structured_perceptron */;
			productType = "com.apple.product-type.tool";
		};
/* End PBXNativeTarget section */

/* Begin PBXProject section */
		03FB51D91C341A4A00EE1001 /* Project object */ = {
			isa = PBXProject;
			attributes = {
				LastUpgradeCheck = 0720;
				ORGANIZATIONNAME = "王曼晨";
				TargetAttributes = {
					03FB51E01C341A4A00EE1001 = {
						CreatedOnToolsVersion = 7.2;
					};
				};
			};
			buildConfigurationList = 03FB51DC1C341A4A00EE1001 /* Build configuration list for PBXProject "structured_perceptron" */;
			compatibilityVersion = "Xcode 3.2";
			developmentRegion = English;
			hasScannedForEncodings = 0;
			knownRegions = (
				en,
			);
			mainGroup = 03FB51D81C341A4A00EE1001;
			productRefGroup = 03FB51E21C341A4B00EE1001 /* Products */;
			projectDirPath = "";
			projectRoot = "";
			targets = (
				03FB51E01C341A4A00EE1001 /* structured_perceptron */,
			);
		};
/* End PBXProject section */

/* Begin PBXSourcesBuildPhase section */
		03FB51DD1C341A4A00EE1001 /* Sources */ = {
			isa = PBXSourcesBuildPhase;
			buildActionMask = 2147483647;
			files = (
				03FB51E51C341A4B00EE1001 /* main.cpp in Sources */,
			);
			runOnlyForDeploymentPostprocessing = 0;
		};
/* End PBXSourcesBuildPhase section */

/* Begin XCBuildConfiguration section */
		03FB51E61C341A4B00EE1001 /* Debug */ = {
			isa = XCBuildConfiguration;
			buildSettings = {
				ALWAYS_SEARCH_USER_PATHS = NO;
				CLANG_CXX_LANGUAGE_STANDARD = "gnu++0x";
				CLANG_CXX_LIBRARY = "libc++";
				CLANG_ENABLE_MODULES = YES;
				CLANG_ENABLE_OBJC_ARC = YES;
				CLANG_WARN_BOOL_CONVERSION = YES;
				CLANG_WARN_CONSTANT_CONVERSION = YES;
				CLANG_WARN_DIRECT_OBJC_ISA_USAGE = YES_ERROR;
				CLANG_WARN_EMPTY_BODY = YES;
				CLANG_WARN_ENUM_CONVERSION = YES;
				CLANG_WARN_INT_CONVERSION = YES;
				CLANG_WARN_OBJC_ROOT_CLASS = YES_ERROR;
				CLANG_WARN_UNREACHABLE_CODE = YES;
				CLANG_WARN__DUPLICATE_METHOD_MATCH = YES;
				CODE_SIGN_IDENTITY = "-";
				COPY_PHASE_STRIP = NO;
				DEBUG_INFORMATION_FORMAT = dwarf;
				ENABLE_STRICT_OBJC_MSGSEND = YES;
				ENABLE_TESTABILITY = YES;
				GCC_C_LANGUAGE_STANDARD = gnu99;
				GCC_DYNAMIC_NO_PIC = NO;
				GCC_NO_COMMON_BLOCKS = YES;
				GCC_OPTIMIZATION_LEVEL = 0;
				GCC_PREPROCESSOR_DEFINITIONS = (
					"DEBUG=1",
					"$(inherited)",
				);
				GCC_WARN_64_TO_32_BIT_CONVERSION = YES;
				GCC_WARN_ABOUT_RETURN_TYPE = YES_ERROR;
				GCC_WARN_UNDECLARED_SELECTOR = YES;
				GCC_WARN_UNINITIALIZED_AUTOS = YES_AGGRESSIVE;
				GCC_WARN_UNUSED_FUNCTION = YES;
				GCC_WARN_UNUSED_VARIABLE = YES;
				MACOSX_DEPLOYMENT_TARGET = 10.11;
				MTL_ENABLE_DEBUG_INFO = YES;
				ONLY_ACTIVE_ARCH = YES;
				SDKROOT = macosx;
			};
			name = Debug;
		};
		03FB51E71C341A4B00EE1001 /* Release */ = {
			isa = XCBuildConfiguration;
			buildSettings = {
				ALWAYS_SEARCH_USER_PATHS = NO;
				CLANG_CXX_LANGUAGE_STANDARD = "gnu++0x";
				CLANG_CXX_LIBRARY = "libc++";
				CLANG_ENABLE_MODULES = YES;
				CLANG_ENABLE_OBJC_ARC = YES;
				CLANG_WARN_BOOL_CONVERSION = YES;
				CLANG_WARN_CONSTANT_CONVERSION = YES;
				CLANG_WARN_DIRECT_OBJC_ISA_USAGE = YES_ERROR;
				CLANG_WARN_EMPTY_BODY = YES;
				CLANG_WARN_ENUM_CONVERSION = YES;
				CLANG_WARN_INT_CONVERSION = YES;
				CLANG_WARN_OBJC_ROOT_CLASS = YES_ERROR;
				CLANG_WARN_UNREACHABLE_CODE = YES;
				CLANG_WARN__DUPLICATE_METHOD_MATCH = YES;
				CODE_SIGN_IDENTITY = "-";
				COPY_PHASE_STRIP = NO;
				DEBUG_INFORMATION_FORMAT = "dwarf-with-dsym";
				ENABLE_NS_ASSERTIONS = NO;
				ENABLE_STRICT_OBJC_MSGSEND = YES;
				GCC_C_LANGUAGE_STANDARD = gnu99;
				GCC_NO_COMMON_BLOCKS = YES;
				GCC_WARN_64_TO_32_BIT_CONVERSION = YES;
				GCC_WARN_ABOUT_RETURN_TYPE = YES_ERROR;
				GCC_WARN_UNDECLARED_SELECTOR = YES;
				GCC_WARN_UNINITIALIZED_AUTOS = YES_AGGRESSIVE;
				GCC_WARN_UNUSED_FUNCTION = YES;
				GCC_WARN_UNUSED_VARIABLE = YES;
				MACOSX_DEPLOYMENT_TARGET = 10.11;
				MTL_ENABLE_DEBUG_INFO = NO;
				SDKROOT = macosx;
			};
			name = Release;
		};
		03FB51E91C341A4B00EE1001 /* Debug */ = {
			isa = XCBuildConfiguration;
			buildSettings = {
				PRODUCT_NAME = "$(TARGET_NAME)";
			};
			name = Debug;
		};
		03FB51EA1C341A4B00EE1001 /* Release */ = {
			isa = XCBuildConfiguration;
			buildSettings = {
				PRODUCT_NAME = "$(TARGET_NAME)";
			};
			name = Release;
		};
/* End XCBuildConfiguration section */

/* Begin XCConfigurationList section */
		03FB51DC1C341A4A00EE1001 /* Build configuration list for PBXProject "structured_perceptron" */ = {
			isa = XCConfigurationList;
			buildConfigurations = (
				03FB51E61C341A4B00EE1001 /* Debug */,
				03FB51E71C341A4B00EE1001 /* Release */,
			);
			defaultConfigurationIsVisible = 0;
			defaultConfigurationName = Release;
		};
		03FB51E81C341A4B00EE1001 /* Build configuration list for PBXNativeTarget "structured_perceptron" */ = {
			isa = XCConfigurationList;
			buildConfigurations = (
				03FB51E91C341A4B00EE1001 /* Debug */,
				03FB51EA1C341A4B00EE1001 /* Release */,
			);
			defaultConfigurationIsVisible = 0;
		};
/* End XCConfigurationList section */
	};
	rootObject = 03FB51D91C341A4A00EE1001 /* Project object */;
}
